// !$*UTF8*$!
{
	archiveVersion = 1;
	classes = {
	};
	objectVersion = 50;
	objects = {

/* Begin PBXBuildFile section */
		8301136B2159E0550064D929 /* PageTitleView.swift in Sources */ = {isa = PBXBuildFile; fileRef = 8301136A2159E0550064D929 /* PageTitleView.swift */; };
		8301136D2159E7010064D929 /* Common.swift in Sources */ = {isa = PBXBuildFile; fileRef = 8301136C2159E7010064D929 /* Common.swift */; };
		833C523D215CFC6C006D16A5 /* PageContentView.swift in Sources */ = {isa = PBXBuildFile; fileRef = 833C523C215CFC6C006D16A5 /* PageContentView.swift */; };
		833C523F215D05DA006D16A5 /* UIColor-Extension.swift in Sources */ = {isa = PBXBuildFile; fileRef = 833C523E215D05DA006D16A5 /* UIColor-Extension.swift */; };
		83E07B2521536C61005BFE87 /* AppDelegate.swift in Sources */ = {isa = PBXBuildFile; fileRef = 83E07B2421536C61005BFE87 /* AppDelegate.swift */; };
		83E07B2A21536C61005BFE87 /* Main.storyboard in Resources */ = {isa = PBXBuildFile; fileRef = 83E07B2821536C61005BFE87 /* Main.storyboard */; };
		83E07B2C21536C61005BFE87 /* Assets.xcassets in Resources */ = {isa = PBXBuildFile; fileRef = 83E07B2B21536C61005BFE87 /* Assets.xcassets */; };
		83E07B2F21536C61005BFE87 /* LaunchScreen.storyboard in Resources */ = {isa = PBXBuildFile; fileRef = 83E07B2D21536C61005BFE87 /* LaunchScreen.storyboard */; };
		83E07B3A2153D156005BFE87 /* Home.storyboard in Resources */ = {isa = PBXBuildFile; fileRef = 83E07B382153D156005BFE87 /* Home.storyboard */; };
		83E07B3D2153D2F8005BFE87 /* Live.storyboard in Resources */ = {isa = PBXBuildFile; fileRef = 83E07B3B2153D2F8005BFE87 /* Live.storyboard */; };
		83E07B402153D329005BFE87 /* Follow.storyboard in Resources */ = {isa = PBXBuildFile; fileRef = 83E07B3E2153D329005BFE87 /* Follow.storyboard */; };
		83E07B432153D358005BFE87 /* Profile.storyboard in Resources */ = {isa = PBXBuildFile; fileRef = 83E07B412153D357005BFE87 /* Profile.storyboard */; };
		83E07B4E2153D5DF005BFE87 /* MainViewController.swift in Sources */ = {isa = PBXBuildFile; fileRef = 83E07B4D2153D5DF005BFE87 /* MainViewController.swift */; };
		83E07B562153DA2C005BFE87 /* HomeViewController.swift in Sources */ = {isa = PBXBuildFile; fileRef = 83E07B552153DA2C005BFE87 /* HomeViewController.swift */; };
		83E07B592153E597005BFE87 /* UIBarButtonItem-Extension.swift in Sources */ = {isa = PBXBuildFile; fileRef = 83E07B582153E597005BFE87 /* UIBarButtonItem-Extension.swift */; };
/* End PBXBuildFile section */

/* Begin PBXFileReference section */
		8301136A2159E0550064D929 /* PageTitleView.swift */ = {isa = PBXFileReference; lastKnownFileType = sourcecode.swift; path = PageTitleView.swift; sourceTree = "<group>"; };
		8301136C2159E7010064D929 /* Common.swift */ = {isa = PBXFileReference; lastKnownFileType = sourcecode.swift; path = Common.swift; sourceTree = "<group>"; };
		833C523C215CFC6C006D16A5 /* PageContentView.swift */ = {isa = PBXFileReference; lastKnownFileType = sourcecode.swift; path = PageContentView.swift; sourceTree = "<group>"; };
		833C523E215D05DA006D16A5 /* UIColor-Extension.swift */ = {isa = PBXFileReference; lastKnownFileType = sourcecode.swift; path = "UIColor-Extension.swift"; sourceTree = "<group>"; };
		83E07B2121536C61005BFE87 /* DouYu.app */ = {isa = PBXFileReference; explicitFileType = wrapper.application; includeInIndex = 0; path = DouYu.app; sourceTree = BUILT_PRODUCTS_DIR; };
		83E07B2421536C61005BFE87 /* AppDelegate.swift */ = {isa = PBXFileReference; lastKnownFileType = sourcecode.swift; path = AppDelegate.swift; sourceTree = "<group>"; };
		83E07B2921536C61005BFE87 /* Base */ = {isa = PBXFileReference; lastKnownFileType = file.storyboard; name = Base; path = Base.lproj/Main.storyboard; sourceTree = "<group>"; };
		83E07B2B21536C61005BFE87 /* Assets.xcassets */ = {isa = PBXFileReference; lastKnownFileType = folder.assetcatalog; path = Assets.xcassets; sourceTree = "<group>"; };
		83E07B2E21536C61005BFE87 /* Base */ = {isa = PBXFileReference; lastKnownFileType = file.storyboard; name = Base; path = Base.lproj/LaunchScreen.storyboard; sourceTree = "<group>"; };
		83E07B3021536C61005BFE87 /* Info.plist */ = {isa = PBXFileReference; lastKnownFileType = text.plist.xml; path = Info.plist; sourceTree = "<group>"; };
		83E07B392153D156005BFE87 /* Base */ = {isa = PBXFileReference; lastKnownFileType = file.storyboard; name = Base; path = DouYu/Base.lproj/Home.storyboard; sourceTree = "<group>"; };
		83E07B3C2153D2F8005BFE87 /* Base */ = {isa = PBXFileReference; lastKnownFileType = file.storyboard; name = Base; path = DouYu/Base.lproj/Live.storyboard; sourceTree = "<group>"; };
		83E07B3F2153D329005BFE87 /* Base */ = {isa = PBXFileReference; lastKnownFileType = file.storyboard; name = Base; path = DouYu/Base.lproj/Follow.storyboard; sourceTree = "<group>"; };
		83E07B422153D358005BFE87 /* Base */ = {isa = PBXFileReference; lastKnownFileType = file.storyboard; name = Base; path = DouYu/Base.lproj/Profile.storyboard; sourceTree = "<group>"; };
		83E07B4D2153D5DF005BFE87 /* MainViewController.swift */ = {isa = PBXFileReference; lastKnownFileType = sourcecode.swift; path = MainViewController.swift; sourceTree = "<group>"; };
		83E07B552153DA2C005BFE87 /* HomeViewController.swift */ = {isa = PBXFileReference; lastKnownFileType = sourcecode.swift; path = HomeViewController.swift; sourceTree = "<group>"; };
		83E07B582153E597005BFE87 /* UIBarButtonItem-Extension.swift */ = {isa = PBXFileReference; lastKnownFileType = sourcecode.swift; path = "UIBarButtonItem-Extension.swift"; sourceTree = "<group>"; };
/* End PBXFileReference section */

/* Begin PBXFrameworksBuildPhase section */
		83E07B1E21536C61005BFE87 /* Frameworks */ = {
			isa = PBXFrameworksBuildPhase;
			buildActionMask = 2147483647;
			files = (
			);
			runOnlyForDeploymentPostprocessing = 0;
		};
/* End PBXFrameworksBuildPhase section */

/* Begin PBXGroup section */
		83E07B1821536C60005BFE87 = {
			isa = PBXGroup;
			children = (
				83E07B2321536C61005BFE87 /* DouYu */,
				83E07B2221536C61005BFE87 /* Products */,
			);
			sourceTree = "<group>";
		};
		83E07B2221536C61005BFE87 /* Products */ = {
			isa = PBXGroup;
			children = (
				83E07B2121536C61005BFE87 /* DouYu.app */,
			);
			name = Products;
			sourceTree = "<group>";
		};
		83E07B2321536C61005BFE87 /* DouYu */ = {
			isa = PBXGroup;
			children = (
				83E07B442153D38E005BFE87 /* Classes */,
				83E07B2B21536C61005BFE87 /* Assets.xcassets */,
				83E07B2421536C61005BFE87 /* AppDelegate.swift */,
				83E07B2D21536C61005BFE87 /* LaunchScreen.storyboard */,
				83E07B3021536C61005BFE87 /* Info.plist */,
			);
			path = DouYu;
			sourceTree = "<group>";
		};
		83E07B442153D38E005BFE87 /* Classes */ = {
			isa = PBXGroup;
			children = (
				83E07B4A2153D414005BFE87 /* Tools */,
				83E07B492153D3FD005BFE87 /* Profile */,
				83E07B482153D3EC005BFE87 /* Follow */,
				83E07B472153D3DE005BFE87 /* Live */,
				83E07B462153D3B9005BFE87 /* Home */,
				83E07B452153D3AA005BFE87 /* Main */,
			);
			path = Classes;
			sourceTree = "<group>";
		};
		83E07B452153D3AA005BFE87 /* Main */ = {
			isa = PBXGroup;
			children = (
				83E07B532153D959005BFE87 /* Model */,
				83E07B542153D95C005BFE87 /* View */,
				83E07B522153D955005BFE87 /* Controller */,
			);
			path = Main;
			sourceTree = "<group>";
		};
		83E07B462153D3B9005BFE87 /* Home */ = {
			isa = PBXGroup;
			children = (
				83E07B502153D88B005BFE87 /* Model */,
				83E07B512153D89A005BFE87 /* View */,
				83E07B4F2153D865005BFE87 /* Controller */,
			);
			path = Home;
			sourceTree = "<group>";
		};
		83E07B472153D3DE005BFE87 /* Live */ = {
			isa = PBXGroup;
			children = (
				83E07B3B2153D2F8005BFE87 /* Live.storyboard */,
			);
			path = Live;
			sourceTree = "<group>";
		};
		83E07B482153D3EC005BFE87 /* Follow */ = {
			isa = PBXGroup;
			children = (
				83E07B3E2153D329005BFE87 /* Follow.storyboard */,
			);
			path = Follow;
			sourceTree = "<group>";
		};
		83E07B492153D3FD005BFE87 /* Profile */ = {
			isa = PBXGroup;
			children = (
				83E07B412153D357005BFE87 /* Profile.storyboard */,
			);
			path = Profile;
			sourceTree = "<group>";
		};
		83E07B4A2153D414005BFE87 /* Tools */ = {
			isa = PBXGroup;
			children = (
				83E07B572153E535005BFE87 /* Extension */,
			);
			path = Tools;
			sourceTree = "<group>";
		};
		83E07B4F2153D865005BFE87 /* Controller */ = {
			isa = PBXGroup;
			children = (
				83E07B382153D156005BFE87 /* Home.storyboard */,
				83E07B552153DA2C005BFE87 /* HomeViewController.swift */,
			);
			path = Controller;
			sourceTree = "<group>";
		};
		83E07B502153D88B005BFE87 /* Model */ = {
			isa = PBXGroup;
			children = (
			);
			path = Model;
			sourceTree = "<group>";
		};
		83E07B512153D89A005BFE87 /* View */ = {
			isa = PBXGroup;
			children = (
			);
			path = View;
			sourceTree = "<group>";
		};
		83E07B522153D955005BFE87 /* Controller */ = {
			isa = PBXGroup;
			children = (
				83E07B2821536C61005BFE87 /* Main.storyboard */,
				83E07B4D2153D5DF005BFE87 /* MainViewController.swift */,
			);
			path = Controller;
			sourceTree = "<group>";
		};
		83E07B532153D959005BFE87 /* Model */ = {
			isa = PBXGroup;
			children = (
			);
			path = Model;
			sourceTree = "<group>";
		};
		83E07B542153D95C005BFE87 /* View */ = {
			isa = PBXGroup;
			children = (
				8301136A2159E0550064D929 /* PageTitleView.swift */,
				833C523C215CFC6C006D16A5 /* PageContentView.swift */,
			);
			path = View;
			sourceTree = "<group>";
		};
		83E07B572153E535005BFE87 /* Extension */ = {
			isa = PBXGroup;
			children = (
				83E07B582153E597005BFE87 /* UIBarButtonItem-Extension.swift */,
				8301136C2159E7010064D929 /* Common.swift */,
				833C523E215D05DA006D16A5 /* UIColor-Extension.swift */,
			);
			path = Extension;
			sourceTree = "<group>";
		};
/* End PBXGroup section */

/* Begin PBXNativeTarget section */
		83E07B2021536C61005BFE87 /* DouYu */ = {
			isa = PBXNativeTarget;
			buildConfigurationList = 83E07B3321536C61005BFE87 /* Build configuration list for PBXNativeTarget "DouYu" */;
			buildPhases = (
				83E07B1D21536C61005BFE87 /* Sources */,
				83E07B1E21536C61005BFE87 /* Frameworks */,
				83E07B1F21536C61005BFE87 /* Resources */,
			);
			buildRules = (
			);
			dependencies = (
			);
			name = DouYu;
			productName = DouYu;
			productReference = 83E07B2121536C61005BFE87 /* DouYu.app */;
			productType = "com.apple.product-type.application";
		};
/* End PBXNativeTarget section */

/* Begin PBXProject section */
		83E07B1921536C60005BFE87 /* Project object */ = {
			isa = PBXProject;
			attributes = {
				LastSwiftUpdateCheck = 0940;
				LastUpgradeCheck = 0940;
				ORGANIZATIONNAME = "Mr wngkai";
				TargetAttributes = {
					83E07B2021536C61005BFE87 = {
						CreatedOnToolsVersion = 9.4.1;
					};
				};
			};
			buildConfigurationList = 83E07B1C21536C60005BFE87 /* Build configuration list for PBXProject "DouYu" */;
			compatibilityVersion = "Xcode 9.3";
			developmentRegion = en;
			hasScannedForEncodings = 0;
			knownRegions = (
				en,
				Base,
			);
			mainGroup = 83E07B1821536C60005BFE87;
			productRefGroup = 83E07B2221536C61005BFE87 /* Products */;
			projectDirPath = "";
			projectRoot = "";
			targets = (
				83E07B2021536C61005BFE87 /* DouYu */,
			);
		};
/* End PBXProject section */

/* Begin PBXResourcesBuildPhase section */
		83E07B1F21536C61005BFE87 /* Resources */ = {
			isa = PBXResourcesBuildPhase;
			buildActionMask = 2147483647;
			files = (
				83E07B2F21536C61005BFE87 /* LaunchScreen.storyboard in Resources */,
				83E07B3A2153D156005BFE87 /* Home.storyboard in Resources */,
				83E07B2C21536C61005BFE87 /* Assets.xcassets in Resources */,
				83E07B3D2153D2F8005BFE87 /* Live.storyboard in Resources */,
				83E07B2A21536C61005BFE87 /* Main.storyboard in Resources */,
				83E07B432153D358005BFE87 /* Profile.storyboard in Resources */,
				83E07B402153D329005BFE87 /* Follow.storyboard in Resources */,
			);
			runOnlyForDeploymentPostprocessing = 0;
		};
/* End PBXResourcesBuildPhase section */

/* Begin PBXSourcesBuildPhase section */
		83E07B1D21536C61005BFE87 /* Sources */ = {
			isa = PBXSourcesBuildPhase;
			buildActionMask = 2147483647;
			files = (
				83E07B2521536C61005BFE87 /* AppDelegate.swift in Sources */,
				833C523F215D05DA006D16A5 /* UIColor-Extension.swift in Sources */,
				83E07B4E2153D5DF005BFE87 /* MainViewController.swift in Sources */,
				8301136B2159E0550064D929 /* PageTitleView.swift in Sources */,
				833C523D215CFC6C006D16A5 /* PageContentView.swift in Sources */,
				83E07B592153E597005BFE87 /* UIBarButtonItem-Extension.swift in Sources */,
				8301136D2159E7010064D929 /* Common.swift in Sources */,
				83E07B562153DA2C005BFE87 /* HomeViewController.swift in Sources */,
			);
			runOnlyForDeploymentPostprocessing = 0;
		};
/* End PBXSourcesBuildPhase section */

/* Begin PBXVariantGroup section */
		83E07B2821536C61005BFE87 /* Main.storyboard */ = {
			isa = PBXVariantGroup;
			children = (
				83E07B2921536C61005BFE87 /* Base */,
			);
			name = Main.storyboard;
			sourceTree = "<group>";
		};
		83E07B2D21536C61005BFE87 /* LaunchScreen.storyboard */ = {
			isa = PBXVariantGroup;
			children = (
				83E07B2E21536C61005BFE87 /* Base */,
			);
			name = LaunchScreen.storyboard;
			sourceTree = "<group>";
		};
		83E07B382153D156005BFE87 /* Home.storyboard */ = {
			isa = PBXVariantGroup;
			children = (
				83E07B392153D156005BFE87 /* Base */,
			);
			name = Home.storyboard;
			sourceTree = "<group>";
		};
		83E07B3B2153D2F8005BFE87 /* Live.storyboard */ = {
			isa = PBXVariantGroup;
			children = (
				83E07B3C2153D2F8005BFE87 /* Base */,
			);
			name = Live.storyboard;
			sourceTree = "<group>";
		};
		83E07B3E2153D329005BFE87 /* Follow.storyboard */ = {
			isa = PBXVariantGroup;
			children = (
				83E07B3F2153D329005BFE87 /* Base */,
			);
			name = Follow.storyboard;
			sourceTree = "<group>";
		};
		83E07B412153D357005BFE87 /* Profile.storyboard */ = {
			isa = PBXVariantGroup;
			children = (
				83E07B422153D358005BFE87 /* Base */,
			);
			name = Profile.storyboard;
			sourceTree = "<group>";
		};
/* End PBXVariantGroup section */

/* Begin XCBuildConfiguration section */
		83E07B3121536C61005BFE87 /* Debug */ = {
			isa = XCBuildConfiguration;
			buildSettings = {
				ALWAYS_SEARCH_USER_PATHS = NO;
				CLANG_ANALYZER_NONNULL = YES;
				CLANG_ANALYZER_NUMBER_OBJECT_CONVERSION = YES_AGGRESSIVE;
				CLANG_CXX_LANGUAGE_STANDARD = "gnu++14";
				CLANG_CXX_LIBRARY = "libc++";
				CLANG_ENABLE_MODULES = YES;
				CLANG_ENABLE_OBJC_ARC = YES;
				CLANG_ENABLE_OBJC_WEAK = YES;
				CLANG_WARN_BLOCK_CAPTURE_AUTORELEASING = YES;
				CLANG_WARN_BOOL_CONVERSION = YES;
				CLANG_WARN_COMMA = YES;
				CLANG_WARN_CONSTANT_CONVERSION = YES;
				CLANG_WARN_DEPRECATED_OBJC_IMPLEMENTATIONS = YES;
				CLANG_WARN_DIRECT_OBJC_ISA_USAGE = YES_ERROR;
				CLANG_WARN_DOCUMENTATION_COMMENTS = YES;
				CLANG_WARN_EMPTY_BODY = YES;
				CLANG_WARN_ENUM_CONVERSION = YES;
				CLANG_WARN_INFINITE_RECURSION = YES;
				CLANG_WARN_INT_CONVERSION = YES;
				CLANG_WARN_NON_LITERAL_NULL_CONVERSION = YES;
				CLANG_WARN_OBJC_IMPLICIT_RETAIN_SELF = YES;
				CLANG_WARN_OBJC_LITERAL_CONVERSION = YES;
				CLANG_WARN_OBJC_ROOT_CLASS = YES_ERROR;
				CLANG_WARN_RANGE_LOOP_ANALYSIS = YES;
				CLANG_WARN_STRICT_PROTOTYPES = YES;
				CLANG_WARN_SUSPICIOUS_MOVE = YES;
				CLANG_WARN_UNGUARDED_AVAILABILITY = YES_AGGRESSIVE;
				CLANG_WARN_UNREACHABLE_CODE = YES;
				CLANG_WARN__DUPLICATE_METHOD_MATCH = YES;
				CODE_SIGN_IDENTITY = "iPhone Developer";
				COPY_PHASE_STRIP = NO;
				DEBUG_INFORMATION_FORMAT = dwarf;
				ENABLE_STRICT_OBJC_MSGSEND = YES;
				ENABLE_TESTABILITY = YES;
				GCC_C_LANGUAGE_STANDARD = gnu11;
				GCC_DYNAMIC_NO_PIC = NO;
				GCC_NO_COMMON_BLOCKS = YES;
				GCC_OPTIMIZATION_LEVEL = 0;
				GCC_PREPROCESSOR_DEFINITIONS = (
					"DEBUG=1",
					"$(inherited)",
				);
				GCC_WARN_64_TO_32_BIT_CONVERSION = YES;
				GCC_WARN_ABOUT_RETURN_TYPE = YES_ERROR;
				GCC_WARN_UNDECLARED_SELECTOR = YES;
				GCC_WARN_UNINITIALIZED_AUTOS = YES_AGGRESSIVE;
				GCC_WARN_UNUSED_FUNCTION = YES;
				GCC_WARN_UNUSED_VARIABLE = YES;
				IPHONEOS_DEPLOYMENT_TARGET = 11.4;
				MTL_ENABLE_DEBUG_INFO = YES;
				ONLY_ACTIVE_ARCH = YES;
				SDKROOT = iphoneos;
				SWIFT_ACTIVE_COMPILATION_CONDITIONS = DEBUG;
				SWIFT_OPTIMIZATION_LEVEL = "-Onone";
			};
			name = Debug;
		};
		83E07B3221536C61005BFE87 /* Release */ = {
			isa = XCBuildConfiguration;
			buildSettings = {
				ALWAYS_SEARCH_USER_PATHS = NO;
				CLANG_ANALYZER_NONNULL = YES;
				CLANG_ANALYZER_NUMBER_OBJECT_CONVERSION = YES_AGGRESSIVE;
				CLANG_CXX_LANGUAGE_STANDARD = "gnu++14";
				CLANG_CXX_LIBRARY = "libc++";
				CLANG_ENABLE_MODULES = YES;
				CLANG_ENABLE_OBJC_ARC = YES;
				CLANG_ENABLE_OBJC_WEAK = YES;
				CLANG_WARN_BLOCK_CAPTURE_AUTORELEASING = YES;
				CLANG_WARN_BOOL_CONVERSION = YES;
				CLANG_WARN_COMMA = YES;
				CLANG_WARN_CONSTANT_CONVERSION = YES;
				CLANG_WARN_DEPRECATED_OBJC_IMPLEMENTATIONS = YES;
				CLANG_WARN_DIRECT_OBJC_ISA_USAGE = YES_ERROR;
				CLANG_WARN_DOCUMENTATION_COMMENTS = YES;
				CLANG_WARN_EMPTY_BODY = YES;
				CLANG_WARN_ENUM_CONVERSION = YES;
				CLANG_WARN_INFINITE_RECURSION = YES;
				CLANG_WARN_INT_CONVERSION = YES;
				CLANG_WARN_NON_LITERAL_NULL_CONVERSION = YES;
				CLANG_WARN_OBJC_IMPLICIT_RETAIN_SELF = YES;
				CLANG_WARN_OBJC_LITERAL_CONVERSION = YES;
				CLANG_WARN_OBJC_ROOT_CLASS = YES_ERROR;
				CLANG_WARN_RANGE_LOOP_ANALYSIS = YES;
				CLANG_WARN_STRICT_PROTOTYPES = YES;
				CLANG_WARN_SUSPICIOUS_MOVE = YES;
				CLANG_WARN_UNGUARDED_AVAILABILITY = YES_AGGRESSIVE;
				CLANG_WARN_UNREACHABLE_CODE = YES;
				CLANG_WARN__DUPLICATE_METHOD_MATCH = YES;
				CODE_SIGN_IDENTITY = "iPhone Developer";
				COPY_PHASE_STRIP = NO;
				DEBUG_INFORMATION_FORMAT = "dwarf-with-dsym";
				ENABLE_NS_ASSERTIONS = NO;
				ENABLE_STRICT_OBJC_MSGSEND = YES;
				GCC_C_LANGUAGE_STANDARD = gnu11;
				GCC_NO_COMMON_BLOCKS = YES;
				GCC_WARN_64_TO_32_BIT_CONVERSION = YES;
				GCC_WARN_ABOUT_RETURN_TYPE = YES_ERROR;
				GCC_WARN_UNDECLARED_SELECTOR = YES;
				GCC_WARN_UNINITIALIZED_AUTOS = YES_AGGRESSIVE;
				GCC_WARN_UNUSED_FUNCTION = YES;
				GCC_WARN_UNUSED_VARIABLE = YES;
				IPHONEOS_DEPLOYMENT_TARGET = 11.4;
				MTL_ENABLE_DEBUG_INFO = NO;
				SDKROOT = iphoneos;
				SWIFT_COMPILATION_MODE = wholemodule;
				SWIFT_OPTIMIZATION_LEVEL = "-O";
				VALIDATE_PRODUCT = YES;
			};
			name = Release;
		};
		83E07B3421536C61005BFE87 /* Debug */ = {
			isa = XCBuildConfiguration;
			buildSettings = {
				ASSETCATALOG_COMPILER_APPICON_NAME = AppIcon;
				ASSETCATALOG_COMPILER_LAUNCHIMAGE_NAME = LaunchImage;
				CODE_SIGN_STYLE = Automatic;
				DEVELOPMENT_TEAM = D3UNDL2G5D;
				INFOPLIST_FILE = DouYu/Info.plist;
				IPHONEOS_DEPLOYMENT_TARGET = 9.0;
				LD_RUNPATH_SEARCH_PATHS = (
					"$(inherited)",
					"@executable_path/Frameworks",
				);
				PRODUCT_BUNDLE_IDENTIFIER = com.hello.DouYu;
				PRODUCT_NAME = "$(TARGET_NAME)";
				SWIFT_VERSION = 4.0;
				TARGETED_DEVICE_FAMILY = "1,2";
			};
			name = Debug;
		};
		83E07B3521536C61005BFE87 /* Release */ = {
			isa = XCBuildConfiguration;
			buildSettings = {
				ASSETCATALOG_COMPILER_APPICON_NAME = AppIcon;
				ASSETCATALOG_COMPILER_LAUNCHIMAGE_NAME = LaunchImage;
				CODE_SIGN_STYLE = Automatic;
				DEVELOPMENT_TEAM = D3UNDL2G5D;
				INFOPLIST_FILE = DouYu/Info.plist;
				IPHONEOS_DEPLOYMENT_TARGET = 9.0;
				LD_RUNPATH_SEARCH_PATHS = (
					"$(inherited)",
					"@executable_path/Frameworks",
				);
				PRODUCT_BUNDLE_IDENTIFIER = com.hello.DouYu;
				PRODUCT_NAME = "$(TARGET_NAME)";
				SWIFT_VERSION = 4.0;
				TARGETED_DEVICE_FAMILY = "1,2";
			};
			name = Release;
		};
/* End XCBuildConfiguration section */

/* Begin XCConfigurationList section */
		83E07B1C21536C60005BFE87 /* Build configuration list for PBXProject "DouYu" */ = {
			isa = XCConfigurationList;
			buildConfigurations = (
				83E07B3121536C61005BFE87 /* Debug */,
				83E07B3221536C61005BFE87 /* Release */,
			);
			defaultConfigurationIsVisible = 0;
			defaultConfigurationName = Release;
		};
		83E07B3321536C61005BFE87 /* Build configuration list for PBXNativeTarget "DouYu" */ = {
			isa = XCConfigurationList;
			buildConfigurations = (
				83E07B3421536C61005BFE87 /* Debug */,
				83E07B3521536C61005BFE87 /* Release */,
			);
			defaultConfigurationIsVisible = 0;
			defaultConfigurationName = Release;
		};
/* End XCConfigurationList section */
	};
	rootObject = 83E07B1921536C60005BFE87 /* Project object */;
}
